// !$*UTF8*$!
{
	archiveVersion = 1;
	classes = {
	};
	objectVersion = 55;
	objects = {

/* Begin PBXBuildFile section */
		5E4AEBF6270407A000C59459 /* Issue_7.swift in Sources */ = {isa = PBXBuildFile; fileRef = 5E4AEBF5270407A000C59459 /* Issue_7.swift */; };
		5E6FFB8127192E7D00D2B0CA /* KeyedDecodingContainer.swift in Sources */ = {isa = PBXBuildFile; fileRef = 5E6FFB7F27192E7D00D2B0CA /* KeyedDecodingContainer.swift */; };
		5E6FFB8227192E7D00D2B0CA /* JSONDecoderExtension.swift in Sources */ = {isa = PBXBuildFile; fileRef = 5E6FFB8027192E7D00D2B0CA /* JSONDecoderExtension.swift */; };
		5ED42F892702F8CB00AF14F9 /* AppDelegate.swift in Sources */ = {isa = PBXBuildFile; fileRef = 5ED42F882702F8CB00AF14F9 /* AppDelegate.swift */; };
		5ED42F8B2702F8CB00AF14F9 /* SceneDelegate.swift in Sources */ = {isa = PBXBuildFile; fileRef = 5ED42F8A2702F8CB00AF14F9 /* SceneDelegate.swift */; };
		5ED42F8D2702F8CB00AF14F9 /* ViewController.swift in Sources */ = {isa = PBXBuildFile; fileRef = 5ED42F8C2702F8CB00AF14F9 /* ViewController.swift */; };
		5ED42F902702F8CB00AF14F9 /* Main.storyboard in Resources */ = {isa = PBXBuildFile; fileRef = 5ED42F8E2702F8CB00AF14F9 /* Main.storyboard */; };
		5ED42F922702F8CE00AF14F9 /* Assets.xcassets in Resources */ = {isa = PBXBuildFile; fileRef = 5ED42F912702F8CE00AF14F9 /* Assets.xcassets */; };
		5ED42F952702F8CE00AF14F9 /* LaunchScreen.storyboard in Resources */ = {isa = PBXBuildFile; fileRef = 5ED42F932702F8CE00AF14F9 /* LaunchScreen.storyboard */; };
		5ED42FA02702F96300AF14F9 /* Issue_1.swift in Sources */ = {isa = PBXBuildFile; fileRef = 5ED42F9E2702F96300AF14F9 /* Issue_1.swift */; };
		5ED42FA12702F96300AF14F9 /* Issue_2.swift in Sources */ = {isa = PBXBuildFile; fileRef = 5ED42F9F2702F96300AF14F9 /* Issue_2.swift */; };
		5ED42FA32702F9F900AF14F9 /* Issue_3.swift in Sources */ = {isa = PBXBuildFile; fileRef = 5ED42FA22702F9F900AF14F9 /* Issue_3.swift */; };
		5ED42FA527030E7500AF14F9 /* Issue_4.swift in Sources */ = {isa = PBXBuildFile; fileRef = 5ED42FA427030E7500AF14F9 /* Issue_4.swift */; };
		5ED42FA927030F2600AF14F9 /* Issue_5.swift in Sources */ = {isa = PBXBuildFile; fileRef = 5ED42FA827030F2600AF14F9 /* Issue_5.swift */; };
		5ED42FAB270316DD00AF14F9 /* Issue_6.swift in Sources */ = {isa = PBXBuildFile; fileRef = 5ED42FAA270316DD00AF14F9 /* Issue_6.swift */; };
		5EFF12BF27043FF700B7905A /* Issue_8.swift in Sources */ = {isa = PBXBuildFile; fileRef = 5EFF12BE27043FF700B7905A /* Issue_8.swift */; };
/* End PBXBuildFile section */

/* Begin PBXFileReference section */
		5E4AEBF5270407A000C59459 /* Issue_7.swift */ = {isa = PBXFileReference; lastKnownFileType = sourcecode.swift; path = Issue_7.swift; sourceTree = "<group>"; };
		5E6FFB7F27192E7D00D2B0CA /* KeyedDecodingContainer.swift */ = {isa = PBXFileReference; fileEncoding = 4; lastKnownFileType = sourcecode.swift; path = KeyedDecodingContainer.swift; sourceTree = "<group>"; };
		5E6FFB8027192E7D00D2B0CA /* JSONDecoderExtension.swift */ = {isa = PBXFileReference; fileEncoding = 4; lastKnownFileType = sourcecode.swift; path = JSONDecoderExtension.swift; sourceTree = "<group>"; };
		5ED42F852702F8CB00AF14F9 /* JSONDecoder.app */ = {isa = PBXFileReference; explicitFileType = wrapper.application; includeInIndex = 0; path = JSONDecoder.app; sourceTree = BUILT_PRODUCTS_DIR; };
		5ED42F882702F8CB00AF14F9 /* AppDelegate.swift */ = {isa = PBXFileReference; lastKnownFileType = sourcecode.swift; path = AppDelegate.swift; sourceTree = "<group>"; };
		5ED42F8A2702F8CB00AF14F9 /* SceneDelegate.swift */ = {isa = PBXFileReference; lastKnownFileType = sourcecode.swift; path = SceneDelegate.swift; sourceTree = "<group>"; };
		5ED42F8C2702F8CB00AF14F9 /* ViewController.swift */ = {isa = PBXFileReference; lastKnownFileType = sourcecode.swift; path = ViewController.swift; sourceTree = "<group>"; };
		5ED42F8F2702F8CB00AF14F9 /* Base */ = {isa = PBXFileReference; lastKnownFileType = file.storyboard; name = Base; path = Base.lproj/Main.storyboard; sourceTree = "<group>"; };
		5ED42F912702F8CE00AF14F9 /* Assets.xcassets */ = {isa = PBXFileReference; lastKnownFileType = folder.assetcatalog; path = Assets.xcassets; sourceTree = "<group>"; };
		5ED42F942702F8CE00AF14F9 /* Base */ = {isa = PBXFileReference; lastKnownFileType = file.storyboard; name = Base; path = Base.lproj/LaunchScreen.storyboard; sourceTree = "<group>"; };
		5ED42F962702F8CE00AF14F9 /* Info.plist */ = {isa = PBXFileReference; lastKnownFileType = text.plist.xml; path = Info.plist; sourceTree = "<group>"; };
		5ED42F9E2702F96300AF14F9 /* Issue_1.swift */ = {isa = PBXFileReference; fileEncoding = 4; lastKnownFileType = sourcecode.swift; path = Issue_1.swift; sourceTree = "<group>"; };
		5ED42F9F2702F96300AF14F9 /* Issue_2.swift */ = {isa = PBXFileReference; fileEncoding = 4; lastKnownFileType = sourcecode.swift; path = Issue_2.swift; sourceTree = "<group>"; };
		5ED42FA22702F9F900AF14F9 /* Issue_3.swift */ = {isa = PBXFileReference; lastKnownFileType = sourcecode.swift; path = Issue_3.swift; sourceTree = "<group>"; };
		5ED42FA427030E7500AF14F9 /* Issue_4.swift */ = {isa = PBXFileReference; lastKnownFileType = sourcecode.swift; path = Issue_4.swift; sourceTree = "<group>"; };
		5ED42FA827030F2600AF14F9 /* Issue_5.swift */ = {isa = PBXFileReference; lastKnownFileType = sourcecode.swift; path = Issue_5.swift; sourceTree = "<group>"; };
		5ED42FAA270316DD00AF14F9 /* Issue_6.swift */ = {isa = PBXFileReference; lastKnownFileType = sourcecode.swift; path = Issue_6.swift; sourceTree = "<group>"; };
		5EFF12BE27043FF700B7905A /* Issue_8.swift */ = {isa = PBXFileReference; lastKnownFileType = sourcecode.swift; path = Issue_8.swift; sourceTree = "<group>"; };
/* End PBXFileReference section */

/* Begin PBXFrameworksBuildPhase section */
		5ED42F822702F8CB00AF14F9 /* Frameworks */ = {
			isa = PBXFrameworksBuildPhase;
			buildActionMask = 2147483647;
			files = (
			);
			runOnlyForDeploymentPostprocessing = 0;
		};
/* End PBXFrameworksBuildPhase section */

/* Begin PBXGroup section */
		5E6FFB7D27192E7D00D2B0CA /* Sources */ = {
			isa = PBXGroup;
			children = (
				5E6FFB7E27192E7D00D2B0CA /* JSONDecoderExtension */,
			);
			name = Sources;
			path = ../../Sources;
			sourceTree = "<group>";
		};
		5E6FFB7E27192E7D00D2B0CA /* JSONDecoderExtension */ = {
			isa = PBXGroup;
			children = (
				5E6FFB7F27192E7D00D2B0CA /* KeyedDecodingContainer.swift */,
				5E6FFB8027192E7D00D2B0CA /* JSONDecoderExtension.swift */,
			);
			path = JSONDecoderExtension;
			sourceTree = "<group>";
		};
		5ED42F7C2702F8CB00AF14F9 = {
			isa = PBXGroup;
			children = (
				5ED42F872702F8CB00AF14F9 /* JSONDecoder */,
				5ED42F862702F8CB00AF14F9 /* Products */,
			);
			sourceTree = "<group>";
		};
		5ED42F862702F8CB00AF14F9 /* Products */ = {
			isa = PBXGroup;
			children = (
				5ED42F852702F8CB00AF14F9 /* JSONDecoder.app */,
			);
			name = Products;
			sourceTree = "<group>";
		};
		5ED42F872702F8CB00AF14F9 /* JSONDecoder */ = {
			isa = PBXGroup;
			children = (
				5E6FFB7D27192E7D00D2B0CA /* Sources */,
				5ED42F882702F8CB00AF14F9 /* AppDelegate.swift */,
				5ED42F8A2702F8CB00AF14F9 /* SceneDelegate.swift */,
				5ED42F8C2702F8CB00AF14F9 /* ViewController.swift */,
				5ED42F9E2702F96300AF14F9 /* Issue_1.swift */,
				5ED42F9F2702F96300AF14F9 /* Issue_2.swift */,
				5ED42FA22702F9F900AF14F9 /* Issue_3.swift */,
				5ED42FA427030E7500AF14F9 /* Issue_4.swift */,
				5ED42FA827030F2600AF14F9 /* Issue_5.swift */,
				5ED42FAA270316DD00AF14F9 /* Issue_6.swift */,
				5E4AEBF5270407A000C59459 /* Issue_7.swift */,
				5EFF12BE27043FF700B7905A /* Issue_8.swift */,
				5ED42F8E2702F8CB00AF14F9 /* Main.storyboard */,
				5ED42F912702F8CE00AF14F9 /* Assets.xcassets */,
				5ED42F932702F8CE00AF14F9 /* LaunchScreen.storyboard */,
				5ED42F962702F8CE00AF14F9 /* Info.plist */,
			);
			path = JSONDecoder;
			sourceTree = "<group>";
		};
/* End PBXGroup section */

/* Begin PBXNativeTarget section */
		5ED42F842702F8CB00AF14F9 /* JSONDecoder */ = {
			isa = PBXNativeTarget;
			buildConfigurationList = 5ED42F992702F8CE00AF14F9 /* Build configuration list for PBXNativeTarget "JSONDecoder" */;
			buildPhases = (
				5ED42F812702F8CB00AF14F9 /* Sources */,
				5ED42F822702F8CB00AF14F9 /* Frameworks */,
				5ED42F832702F8CB00AF14F9 /* Resources */,
			);
			buildRules = (
			);
			dependencies = (
			);
			name = JSONDecoder;
			productName = JSONDecoder;
			productReference = 5ED42F852702F8CB00AF14F9 /* JSONDecoder.app */;
			productType = "com.apple.product-type.application";
		};
/* End PBXNativeTarget section */

/* Begin PBXProject section */
		5ED42F7D2702F8CB00AF14F9 /* Project object */ = {
			isa = PBXProject;
			attributes = {
				BuildIndependentTargetsInParallel = 1;
				LastSwiftUpdateCheck = 1300;
				LastUpgradeCheck = 1300;
				TargetAttributes = {
					5ED42F842702F8CB00AF14F9 = {
						CreatedOnToolsVersion = 13.0;
					};
				};
			};
			buildConfigurationList = 5ED42F802702F8CB00AF14F9 /* Build configuration list for PBXProject "JSONDecoder" */;
			compatibilityVersion = "Xcode 13.0";
			developmentRegion = en;
			hasScannedForEncodings = 0;
			knownRegions = (
				en,
				Base,
			);
			mainGroup = 5ED42F7C2702F8CB00AF14F9;
			productRefGroup = 5ED42F862702F8CB00AF14F9 /* Products */;
			projectDirPath = "";
			projectRoot = "";
			targets = (
				5ED42F842702F8CB00AF14F9 /* JSONDecoder */,
			);
		};
/* End PBXProject section */

/* Begin PBXResourcesBuildPhase section */
		5ED42F832702F8CB00AF14F9 /* Resources */ = {
			isa = PBXResourcesBuildPhase;
			buildActionMask = 2147483647;
			files = (
				5ED42F952702F8CE00AF14F9 /* LaunchScreen.storyboard in Resources */,
				5ED42F922702F8CE00AF14F9 /* Assets.xcassets in Resources */,
				5ED42F902702F8CB00AF14F9 /* Main.storyboard in Resources */,
			);
			runOnlyForDeploymentPostprocessing = 0;
		};
/* End PBXResourcesBuildPhase section */

/* Begin PBXSourcesBuildPhase section */
		5ED42F812702F8CB00AF14F9 /* Sources */ = {
			isa = PBXSourcesBuildPhase;
			buildActionMask = 2147483647;
			files = (
				5EFF12BF27043FF700B7905A /* Issue_8.swift in Sources */,
				5E6FFB8127192E7D00D2B0CA /* KeyedDecodingContainer.swift in Sources */,
				5ED42FA32702F9F900AF14F9 /* Issue_3.swift in Sources */,
				5E6FFB8227192E7D00D2B0CA /* JSONDecoderExtension.swift in Sources */,
				5ED42FA12702F96300AF14F9 /* Issue_2.swift in Sources */,
				5ED42F8D2702F8CB00AF14F9 /* ViewController.swift in Sources */,
				5ED42FA02702F96300AF14F9 /* Issue_1.swift in Sources */,
				5ED42FA527030E7500AF14F9 /* Issue_4.swift in Sources */,
				5ED42FAB270316DD00AF14F9 /* Issue_6.swift in Sources */,
				5ED42FA927030F2600AF14F9 /* Issue_5.swift in Sources */,
				5ED42F892702F8CB00AF14F9 /* AppDelegate.swift in Sources */,
				5E4AEBF6270407A000C59459 /* Issue_7.swift in Sources */,
				5ED42F8B2702F8CB00AF14F9 /* SceneDelegate.swift in Sources */,
			);
			runOnlyForDeploymentPostprocessing = 0;
		};
/* End PBXSourcesBuildPhase section */

/* Begin PBXVariantGroup section */
		5ED42F8E2702F8CB00AF14F9 /* Main.storyboard */ = {
			isa = PBXVariantGroup;
			children = (
				5ED42F8F2702F8CB00AF14F9 /* Base */,
			);
			name = Main.storyboard;
			sourceTree = "<group>";
		};
		5ED42F932702F8CE00AF14F9 /* LaunchScreen.storyboard */ = {
			isa = PBXVariantGroup;
			children = (
				5ED42F942702F8CE00AF14F9 /* Base */,
			);
			name = LaunchScreen.storyboard;
			sourceTree = "<group>";
		};
/* End PBXVariantGroup section */

/* Begin XCBuildConfiguration section */
		5ED42F972702F8CE00AF14F9 /* Debug */ = {
			isa = XCBuildConfiguration;
			buildSettings = {
				ALWAYS_SEARCH_USER_PATHS = NO;
				CLANG_ANALYZER_NONNULL = YES;
				CLANG_ANALYZER_NUMBER_OBJECT_CONVERSION = YES_AGGRESSIVE;
				CLANG_CXX_LANGUAGE_STANDARD = "gnu++17";
				CLANG_CXX_LIBRARY = "libc++";
				CLANG_ENABLE_MODULES = YES;
				CLANG_ENABLE_OBJC_ARC = YES;
				CLANG_ENABLE_OBJC_WEAK = YES;
				CLANG_WARN_BLOCK_CAPTURE_AUTORELEASING = YES;
				CLANG_WARN_BOOL_CONVERSION = YES;
				CLANG_WARN_COMMA = YES;
				CLANG_WARN_CONSTANT_CONVERSION = YES;
				CLANG_WARN_DEPRECATED_OBJC_IMPLEMENTATIONS = YES;
				CLANG_WARN_DIRECT_OBJC_ISA_USAGE = YES_ERROR;
				CLANG_WARN_DOCUMENTATION_COMMENTS = YES;
				CLANG_WARN_EMPTY_BODY = YES;
				CLANG_WARN_ENUM_CONVERSION = YES;
				CLANG_WARN_INFINITE_RECURSION = YES;
				CLANG_WARN_INT_CONVERSION = YES;
				CLANG_WARN_NON_LITERAL_NULL_CONVERSION = YES;
				CLANG_WARN_OBJC_IMPLICIT_RETAIN_SELF = YES;
				CLANG_WARN_OBJC_LITERAL_CONVERSION = YES;
				CLANG_WARN_OBJC_ROOT_CLASS = YES_ERROR;
				CLANG_WARN_QUOTED_INCLUDE_IN_FRAMEWORK_HEADER = YES;
				CLANG_WARN_RANGE_LOOP_ANALYSIS = YES;
				CLANG_WARN_STRICT_PROTOTYPES = YES;
				CLANG_WARN_SUSPICIOUS_MOVE = YES;
				CLANG_WARN_UNGUARDED_AVAILABILITY = YES_AGGRESSIVE;
				CLANG_WARN_UNREACHABLE_CODE = YES;
				CLANG_WARN__DUPLICATE_METHOD_MATCH = YES;
				COPY_PHASE_STRIP = NO;
				DEBUG_INFORMATION_FORMAT = dwarf;
				ENABLE_STRICT_OBJC_MSGSEND = YES;
				ENABLE_TESTABILITY = YES;
				GCC_C_LANGUAGE_STANDARD = gnu11;
				GCC_DYNAMIC_NO_PIC = NO;
				GCC_NO_COMMON_BLOCKS = YES;
				GCC_OPTIMIZATION_LEVEL = 0;
				GCC_PREPROCESSOR_DEFINITIONS = (
					"DEBUG=1",
					"$(inherited)",
				);
				GCC_WARN_64_TO_32_BIT_CONVERSION = YES;
				GCC_WARN_ABOUT_RETURN_TYPE = YES_ERROR;
				GCC_WARN_UNDECLARED_SELECTOR = YES;
				GCC_WARN_UNINITIALIZED_AUTOS = YES_AGGRESSIVE;
				GCC_WARN_UNUSED_FUNCTION = YES;
				GCC_WARN_UNUSED_VARIABLE = YES;
				IPHONEOS_DEPLOYMENT_TARGET = 15.0;
				MTL_ENABLE_DEBUG_INFO = INCLUDE_SOURCE;
				MTL_FAST_MATH = YES;
				ONLY_ACTIVE_ARCH = YES;
				SDKROOT = iphoneos;
				SWIFT_ACTIVE_COMPILATION_CONDITIONS = DEBUG;
				SWIFT_OPTIMIZATION_LEVEL = "-Onone";
			};
			name = Debug;
		};
		5ED42F982702F8CE00AF14F9 /* Release */ = {
			isa = XCBuildConfiguration;
			buildSettings = {
				ALWAYS_SEARCH_USER_PATHS = NO;
				CLANG_ANALYZER_NONNULL = YES;
				CLANG_ANALYZER_NUMBER_OBJECT_CONVERSION = YES_AGGRESSIVE;
				CLANG_CXX_LANGUAGE_STANDARD = "gnu++17";
				CLANG_CXX_LIBRARY = "libc++";
				CLANG_ENABLE_MODULES = YES;
				CLANG_ENABLE_OBJC_ARC = YES;
				CLANG_ENABLE_OBJC_WEAK = YES;
				CLANG_WARN_BLOCK_CAPTURE_AUTORELEASING = YES;
				CLANG_WARN_BOOL_CONVERSION = YES;
				CLANG_WARN_COMMA = YES;
				CLANG_WARN_CONSTANT_CONVERSION = YES;
				CLANG_WARN_DEPRECATED_OBJC_IMPLEMENTATIONS = YES;
				CLANG_WARN_DIRECT_OBJC_ISA_USAGE = YES_ERROR;
				CLANG_WARN_DOCUMENTATION_COMMENTS = YES;
				CLANG_WARN_EMPTY_BODY = YES;
				CLANG_WARN_ENUM_CONVERSION = YES;
				CLANG_WARN_INFINITE_RECURSION = YES;
				CLANG_WARN_INT_CONVERSION = YES;
				CLANG_WARN_NON_LITERAL_NULL_CONVERSION = YES;
				CLANG_WARN_OBJC_IMPLICIT_RETAIN_SELF = YES;
				CLANG_WARN_OBJC_LITERAL_CONVERSION = YES;
				CLANG_WARN_OBJC_ROOT_CLASS = YES_ERROR;
				CLANG_WARN_QUOTED_INCLUDE_IN_FRAMEWORK_HEADER = YES;
				CLANG_WARN_RANGE_LOOP_ANALYSIS = YES;
				CLANG_WARN_STRICT_PROTOTYPES = YES;
				CLANG_WARN_SUSPICIOUS_MOVE = YES;
				CLANG_WARN_UNGUARDED_AVAILABILITY = YES_AGGRESSIVE;
				CLANG_WARN_UNREACHABLE_CODE = YES;
				CLANG_WARN__DUPLICATE_METHOD_MATCH = YES;
				COPY_PHASE_STRIP = NO;
				DEBUG_INFORMATION_FORMAT = "dwarf-with-dsym";
				ENABLE_NS_ASSERTIONS = NO;
				ENABLE_STRICT_OBJC_MSGSEND = YES;
				GCC_C_LANGUAGE_STANDARD = gnu11;
				GCC_NO_COMMON_BLOCKS = YES;
				GCC_WARN_64_TO_32_BIT_CONVERSION = YES;
				GCC_WARN_ABOUT_RETURN_TYPE = YES_ERROR;
				GCC_WARN_UNDECLARED_SELECTOR = YES;
				GCC_WARN_UNINITIALIZED_AUTOS = YES_AGGRESSIVE;
				GCC_WARN_UNUSED_FUNCTION = YES;
				GCC_WARN_UNUSED_VARIABLE = YES;
				IPHONEOS_DEPLOYMENT_TARGET = 15.0;
				MTL_ENABLE_DEBUG_INFO = NO;
				MTL_FAST_MATH = YES;
				SDKROOT = iphoneos;
				SWIFT_COMPILATION_MODE = wholemodule;
				SWIFT_OPTIMIZATION_LEVEL = "-O";
				VALIDATE_PRODUCT = YES;
			};
			name = Release;
		};
		5ED42F9A2702F8CE00AF14F9 /* Debug */ = {
			isa = XCBuildConfiguration;
			buildSettings = {
				ASSETCATALOG_COMPILER_APPICON_NAME = AppIcon;
				ASSETCATALOG_COMPILER_GLOBAL_ACCENT_COLOR_NAME = AccentColor;
				CODE_SIGN_STYLE = Automatic;
				CURRENT_PROJECT_VERSION = 1;
				DEVELOPMENT_TEAM = 4683S6Z475;
				GENERATE_INFOPLIST_FILE = YES;
				INFOPLIST_FILE = JSONDecoder/Info.plist;
				INFOPLIST_KEY_UIApplicationSupportsIndirectInputEvents = YES;
				INFOPLIST_KEY_UILaunchStoryboardName = LaunchScreen;
				INFOPLIST_KEY_UIMainStoryboardFile = Main;
				INFOPLIST_KEY_UISupportedInterfaceOrientations_iPad = "UIInterfaceOrientationPortrait UIInterfaceOrientationPortraitUpsideDown UIInterfaceOrientationLandscapeLeft UIInterfaceOrientationLandscapeRight";
				INFOPLIST_KEY_UISupportedInterfaceOrientations_iPhone = "UIInterfaceOrientationPortrait UIInterfaceOrientationLandscapeLeft UIInterfaceOrientationLandscapeRight";
				LD_RUNPATH_SEARCH_PATHS = (
					"$(inherited)",
					"@executable_path/Frameworks",
				);
				MARKETING_VERSION = 1.0;
				PRODUCT_BUNDLE_IDENTIFIER = "chuancan-icloud.com.JSONDecoder";
				PRODUCT_NAME = "$(TARGET_NAME)";
				SWIFT_EMIT_LOC_STRINGS = YES;
				SWIFT_VERSION = 5.0;
				TARGETED_DEVICE_FAMILY = "1,2";
			};
			name = Debug;
		};
		5ED42F9B2702F8CE00AF14F9 /* Release */ = {
			isa = XCBuildConfiguration;
			buildSettings = {
				ASSETCATALOG_COMPILER_APPICON_NAME = AppIcon;
				ASSETCATALOG_COMPILER_GLOBAL_ACCENT_COLOR_NAME = AccentColor;
				CODE_SIGN_STYLE = Automatic;
				CURRENT_PROJECT_VERSION = 1;
				DEVELOPMENT_TEAM = 4683S6Z475;
				GENERATE_INFOPLIST_FILE = YES;
				INFOPLIST_FILE = JSONDecoder/Info.plist;
				INFOPLIST_KEY_UIApplicationSupportsIndirectInputEvents = YES;
				INFOPLIST_KEY_UILaunchStoryboardName = LaunchScreen;
				INFOPLIST_KEY_UIMainStoryboardFile = Main;
				INFOPLIST_KEY_UISupportedInterfaceOrientations_iPad = "UIInterfaceOrientationPortrait UIInterfaceOrientationPortraitUpsideDown UIInterfaceOrientationLandscapeLeft UIInterfaceOrientationLandscapeRight";
				INFOPLIST_KEY_UISupportedInterfaceOrientations_iPhone = "UIInterfaceOrientationPortrait UIInterfaceOrientationLandscapeLeft UIInterfaceOrientationLandscapeRight";
				LD_RUNPATH_SEARCH_PATHS = (
					"$(inherited)",
					"@executable_path/Frameworks",
				);
				MARKETING_VERSION = 1.0;
				PRODUCT_BUNDLE_IDENTIFIER = "chuancan-icloud.com.JSONDecoder";
				PRODUCT_NAME = "$(TARGET_NAME)";
				SWIFT_EMIT_LOC_STRINGS = YES;
				SWIFT_VERSION = 5.0;
				TARGETED_DEVICE_FAMILY = "1,2";
			};
			name = Release;
		};
/* End XCBuildConfiguration section */

/* Begin XCConfigurationList section */
		5ED42F802702F8CB00AF14F9 /* Build configuration list for PBXProject "JSONDecoder" */ = {
			isa = XCConfigurationList;
			buildConfigurations = (
				5ED42F972702F8CE00AF14F9 /* Debug */,
				5ED42F982702F8CE00AF14F9 /* Release */,
			);
			defaultConfigurationIsVisible = 0;
			defaultConfigurationName = Release;
		};
		5ED42F992702F8CE00AF14F9 /* Build configuration list for PBXNativeTarget "JSONDecoder" */ = {
			isa = XCConfigurationList;
			buildConfigurations = (
				5ED42F9A2702F8CE00AF14F9 /* Debug */,
				5ED42F9B2702F8CE00AF14F9 /* Release */,
			);
			defaultConfigurationIsVisible = 0;
			defaultConfigurationName = Release;
		};
/* End XCConfigurationList section */
	};
	rootObject = 5ED42F7D2702F8CB00AF14F9 /* Project object */;
}
